{
  "nodes": {
    "dotfiles": {
      "flake": false,
      "locked": {
        "lastModified": 1781179010,
        "narHash": "sha256-dsWz8v3Y7+WROD0tfIeUQXXSgdBWTWBtArbciCb2A0M=",
        "ref": "refs/heads/main",
        "rev": "f8e2ff1fc40a6e2df48966848bac41d663b29c12",
        "revCount": 4,
        "submodules": true,
        "type": "git",
        "url": "file:./dotfiles"
      },
      "original": {
        "submodules": true,
        "type": "git",
        "url": "file:./dotfiles"
      }
    },
    "nixpkgs": {
      "locked": {
        "lastModified": 1780749050,
        "narHash": "sha256-3av0pIjlOWQ6rDbNOmpUSvbNnJkGORQKKjb4LtCZsIY=",
        "owner": "nixos",
        "repo": "nixpkgs",
        "rev": "a799d3e3886da994fa307f817a6bc705ae538eeb",
        "type": "github"
      },
      "original": {
        "owner": "nixos",
        "ref": "nixos-unstable",
        "repo": "nixpkgs",
        "type": "github"
      }
    },
    "root": {
      "inputs": {
        "dotfiles": "dotfiles",
        "nixpkgs": "nixpkgs"
      }
    }
  },
  "root": "root",
  "version": 7
}
